
Microsoft Visual Studio Solution File, Format Version 12.00
# Visual Studio Version 17
VisualStudioVersion = 17.9.34728.123
MinimumVisualStudioVersion = 10.0.40219.1
Project("{FAE04EC0-301F-11D3-BF4B-00C04F79EFBC}") = "Phi3MiniTestApp", "Phi3MiniTestApp\Phi3MiniTestApp.csproj", "{405A9BA3-F332-4DD9-9509-436A4149C7D9}"
EndProject
Global
	GlobalSection(SolutionConfigurationPlatforms) = preSolution
		Debug|Any CPU = Debug|Any CPU
		Release|Any CPU = Release|Any CPU
	EndGlobalSection
	GlobalSection(ProjectConfigurationPlatforms) = postSolution
		{405A9BA3-F332-4DD9-9509-436A4149C7D9}.Debug|Any CPU.ActiveCfg = Debug|Any CPU
		{405A9BA3-F332-4DD9-9509-436A4149C7D9}.Debug|Any CPU.Build.0 = Debug|Any CPU
		{405A9BA3-F332-4DD9-9509-436A4149C7D9}.Release|Any CPU.ActiveCfg = Release|Any CPU
		{405A9BA3-F332-4DD9-9509-436A4149C7D9}.Release|Any CPU.Build.0 = Release|Any CPU
	EndGlobalSection
	GlobalSection(SolutionProperties) = preSolution
		HideSolutionNode = FALSE
	EndGlobalSection
	GlobalSection(ExtensibilityGlobals) = postSolution
		SolutionGuid = {F07E44F1-ECBA-4783-923E-886250E80227}
	EndGlobalSection
EndGlobal
